// !$*UTF8*$!
{
	archiveVersion = 1;
	classes = {
	};
	objectVersion = 46;
	objects = {

/* Begin PBXBuildFile section */
		0701C5C21F080F7300FBEE03 /* TeamEntryMemCell.swift in Sources */ = {isa = PBXBuildFile; fileRef = 0701C5C11F080F7300FBEE03 /* TeamEntryMemCell.swift */; };
		0701C5C41F080F7C00FBEE03 /* TeamEntryMemVO.swift in Sources */ = {isa = PBXBuildFile; fileRef = 0701C5C31F080F7C00FBEE03 /* TeamEntryMemVO.swift */; };
		0701C5C61F08163000FBEE03 /* DataTeamRecordVO.swift in Sources */ = {isa = PBXBuildFile; fileRef = 0701C5C51F08163000FBEE03 /* DataTeamRecordVO.swift */; };
		0701C5C81F08163D00FBEE03 /* DataTeamRecordCell.swift in Sources */ = {isa = PBXBuildFile; fileRef = 0701C5C71F08163D00FBEE03 /* DataTeamRecordCell.swift */; };
		0706B1BC1F00D66D00ACE4A1 /* SplashLogin.storyboard in Resources */ = {isa = PBXBuildFile; fileRef = 0706B1BB1F00D66D00ACE4A1 /* SplashLogin.storyboard */; };
		0706B1BF1F01178600ACE4A1 /* SplashVC.swift in Sources */ = {isa = PBXBuildFile; fileRef = 0706B1BE1F01178600ACE4A1 /* SplashVC.swift */; };
		0706B1C41F01180400ACE4A1 /* SignBaseVC.swift in Sources */ = {isa = PBXBuildFile; fileRef = 0706B1C31F01180400ACE4A1 /* SignBaseVC.swift */; };
		0706B1C61F01180C00ACE4A1 /* SignDetailVC.swift in Sources */ = {isa = PBXBuildFile; fileRef = 0706B1C51F01180C00ACE4A1 /* SignDetailVC.swift */; };
		0706B1C81F01181300ACE4A1 /* SignSearchVC.swift in Sources */ = {isa = PBXBuildFile; fileRef = 0706B1C71F01181300ACE4A1 /* SignSearchVC.swift */; };
		0706B1CA1F0118B300ACE4A1 /* SignCreateVC.swift in Sources */ = {isa = PBXBuildFile; fileRef = 0706B1C91F0118B300ACE4A1 /* SignCreateVC.swift */; };
		0706B1CC1F01191E00ACE4A1 /* LoginVC.swift in Sources */ = {isa = PBXBuildFile; fileRef = 0706B1CB1F01191E00ACE4A1 /* LoginVC.swift */; };
		0706B1CE1F0119E400ACE4A1 /* MainVC.swift in Sources */ = {isa = PBXBuildFile; fileRef = 0706B1CD1F0119E400ACE4A1 /* MainVC.swift */; };
		0706B1D31F011A2200ACE4A1 /* Team.storyboard in Resources */ = {isa = PBXBuildFile; fileRef = 0706B1D21F011A2200ACE4A1 /* Team.storyboard */; };
		0706B1D51F011AAC00ACE4A1 /* SignTab.swift in Sources */ = {isa = PBXBuildFile; fileRef = 0706B1D41F011AAC00ACE4A1 /* SignTab.swift */; };
		0706B1D71F011D6300ACE4A1 /* Data.storyboard in Resources */ = {isa = PBXBuildFile; fileRef = 0706B1D61F011D6300ACE4A1 /* Data.storyboard */; };
		0706B1D91F0176DB00ACE4A1 /* SignTemp.swift in Sources */ = {isa = PBXBuildFile; fileRef = 0706B1D81F0176DB00ACE4A1 /* SignTemp.swift */; };
		0707035B1F075FC900FF8EFA /* DataDetailEntry2.swift in Sources */ = {isa = PBXBuildFile; fileRef = 0707035A1F075FC900FF8EFA /* DataDetailEntry2.swift */; };
		0707035D1F0769E500FF8EFA /* DataGrp1.swift in Sources */ = {isa = PBXBuildFile; fileRef = 0707035C1F0769E500FF8EFA /* DataGrp1.swift */; };
		0707035F1F0769F100FF8EFA /* DataGrp2.swift in Sources */ = {isa = PBXBuildFile; fileRef = 0707035E1F0769F100FF8EFA /* DataGrp2.swift */; };
		070730E41F0371C30007E7D7 /* SearchTab.swift in Sources */ = {isa = PBXBuildFile; fileRef = 070730E31F0371C30007E7D7 /* SearchTab.swift */; };
		0707BAD01F04C350006AD50F /* DataTab.swift in Sources */ = {isa = PBXBuildFile; fileRef = 0707BACF1F04C350006AD50F /* DataTab.swift */; };
		0707BAD21F04C5E6006AD50F /* DataRecordVC.swift in Sources */ = {isa = PBXBuildFile; fileRef = 0707BAD11F04C5E6006AD50F /* DataRecordVC.swift */; };
		0707BAD41F04C5EE006AD50F /* DataTeamVC.swift in Sources */ = {isa = PBXBuildFile; fileRef = 0707BAD31F04C5EE006AD50F /* DataTeamVC.swift */; };
		0707BAD61F04C5F7006AD50F /* DataPersonalVC.swift in Sources */ = {isa = PBXBuildFile; fileRef = 0707BAD51F04C5F7006AD50F /* DataPersonalVC.swift */; };
		0707BADA1F04CA8F006AD50F /* DataDetailEntry.swift in Sources */ = {isa = PBXBuildFile; fileRef = 0707BAD91F04CA8F006AD50F /* DataDetailEntry.swift */; };
		0707BADC1F04CA9C006AD50F /* DataDetail.swift in Sources */ = {isa = PBXBuildFile; fileRef = 0707BADB1F04CA9C006AD50F /* DataDetail.swift */; };
		0707BADE1F04D300006AD50F /* TeamEntryMem.swift in Sources */ = {isa = PBXBuildFile; fileRef = 0707BADD1F04D300006AD50F /* TeamEntryMem.swift */; };
		0707BAE01F04D61B006AD50F /* DataToMain.swift in Sources */ = {isa = PBXBuildFile; fileRef = 0707BADF1F04D61B006AD50F /* DataToMain.swift */; };
		0707BAE41F04E9D6006AD50F /* DataTeamRoot.swift in Sources */ = {isa = PBXBuildFile; fileRef = 0707BAE31F04E9D6006AD50F /* DataTeamRoot.swift */; };
		0707BAE81F04EE6E006AD50F /* DataTeamR1.swift in Sources */ = {isa = PBXBuildFile; fileRef = 0707BAE71F04EE6E006AD50F /* DataTeamR1.swift */; };
		0707BAEA1F04EE77006AD50F /* DataTeamR2.swift in Sources */ = {isa = PBXBuildFile; fileRef = 0707BAE91F04EE77006AD50F /* DataTeamR2.swift */; };
		0707BAEC1F04EE80006AD50F /* DataTeamR3.swift in Sources */ = {isa = PBXBuildFile; fileRef = 0707BAEB1F04EE80006AD50F /* DataTeamR3.swift */; };
		0707BAEE1F04EE8C006AD50F /* DataTeamR4.swift in Sources */ = {isa = PBXBuildFile; fileRef = 0707BAED1F04EE8C006AD50F /* DataTeamR4.swift */; };
		0707BAF01F04F722006AD50F /* DataTeamRootC.swift in Sources */ = {isa = PBXBuildFile; fileRef = 0707BAEF1F04F722006AD50F /* DataTeamRootC.swift */; };
		0707BAF21F0510D1006AD50F /* DataPeronalRoot.swift in Sources */ = {isa = PBXBuildFile; fileRef = 0707BAF11F0510D1006AD50F /* DataPeronalRoot.swift */; };
		0707BAF41F05110D006AD50F /* DataPersonalRootC.swift in Sources */ = {isa = PBXBuildFile; fileRef = 0707BAF31F05110D006AD50F /* DataPersonalRootC.swift */; };
		0707BAF61F051115006AD50F /* DataPersonalR1.swift in Sources */ = {isa = PBXBuildFile; fileRef = 0707BAF51F051115006AD50F /* DataPersonalR1.swift */; };
		0707BAF81F05111F006AD50F /* DataPersonalR2.swift in Sources */ = {isa = PBXBuildFile; fileRef = 0707BAF71F05111F006AD50F /* DataPersonalR2.swift */; };
		0707BAFA1F051128006AD50F /* DataPersonalR3.swift in Sources */ = {isa = PBXBuildFile; fileRef = 0707BAF91F051128006AD50F /* DataPersonalR3.swift */; };
		0707BAFC1F0519C9006AD50F /* ScrollableGraphView.swift in Sources */ = {isa = PBXBuildFile; fileRef = 0707BAFB1F0519C9006AD50F /* ScrollableGraphView.swift */; };
		070A12E81F03BF1C00CAD26B /* TeamTab.swift in Sources */ = {isa = PBXBuildFile; fileRef = 070A12E71F03BF1C00CAD26B /* TeamTab.swift */; };
		070A12F01F03CEF700CAD26B /* KDCircularProgress.swift in Sources */ = {isa = PBXBuildFile; fileRef = 070A12EF1F03CEF700CAD26B /* KDCircularProgress.swift */; };
		070A12F41F03EF9000CAD26B /* TeamToMainVC.swift in Sources */ = {isa = PBXBuildFile; fileRef = 070A12F31F03EF9000CAD26B /* TeamToMainVC.swift */; };
		070BDE911EFFF8BE0052FA77 /* AppDelegate.swift in Sources */ = {isa = PBXBuildFile; fileRef = 070BDE901EFFF8BE0052FA77 /* AppDelegate.swift */; };
		070BDE931EFFF8BE0052FA77 /* ViewController.swift in Sources */ = {isa = PBXBuildFile; fileRef = 070BDE921EFFF8BE0052FA77 /* ViewController.swift */; };
		070BDE961EFFF8BE0052FA77 /* Main.storyboard in Resources */ = {isa = PBXBuildFile; fileRef = 070BDE941EFFF8BE0052FA77 /* Main.storyboard */; };
		070BDE981EFFF8BE0052FA77 /* Assets.xcassets in Resources */ = {isa = PBXBuildFile; fileRef = 070BDE971EFFF8BE0052FA77 /* Assets.xcassets */; };
		070BDE9B1EFFF8BE0052FA77 /* LaunchScreen.storyboard in Resources */ = {isa = PBXBuildFile; fileRef = 070BDE991EFFF8BE0052FA77 /* LaunchScreen.storyboard */; };
		070C5C631F078247008FBC7B /* Data433.swift in Sources */ = {isa = PBXBuildFile; fileRef = 070C5C621F078247008FBC7B /* Data433.swift */; };
		070C5C651F07824D008FBC7B /* Data442.swift in Sources */ = {isa = PBXBuildFile; fileRef = 070C5C641F07824D008FBC7B /* Data442.swift */; };
		070C5C671F078254008FBC7B /* Data343.swift in Sources */ = {isa = PBXBuildFile; fileRef = 070C5C661F078254008FBC7B /* Data343.swift */; };
		070C5C691F07825A008FBC7B /* Data352.swift in Sources */ = {isa = PBXBuildFile; fileRef = 070C5C681F07825A008FBC7B /* Data352.swift */; };
		070C5C6B1F078264008FBC7B /* Data451.swift in Sources */ = {isa = PBXBuildFile; fileRef = 070C5C6A1F078264008FBC7B /* Data451.swift */; };
		0716FA6F1F0673410046E156 /* TeamScheduleInsert.swift in Sources */ = {isa = PBXBuildFile; fileRef = 0716FA6E1F0673410046E156 /* TeamScheduleInsert.swift */; };
		072CCC2F1F07D5470084BABE /* TeamEntryVO.swift in Sources */ = {isa = PBXBuildFile; fileRef = 072CCC2E1F07D5470084BABE /* TeamEntryVO.swift */; };
		072CCC311F07D54E0084BABE /* TeamEntryCell.swift in Sources */ = {isa = PBXBuildFile; fileRef = 072CCC301F07D54E0084BABE /* TeamEntryCell.swift */; };
		07AB46451F027CEE001EFB89 /* BarCustom.swift in Sources */ = {isa = PBXBuildFile; fileRef = 07AB46441F027CEE001EFB89 /* BarCustom.swift */; };
		07AEED0A1F037537001D21AF /* SignSearchDetail.swift in Sources */ = {isa = PBXBuildFile; fileRef = 07AEED091F037537001D21AF /* SignSearchDetail.swift */; };
		07AEED0C1F0376B2001D21AF /* SignTemp2.swift in Sources */ = {isa = PBXBuildFile; fileRef = 07AEED0B1F0376B2001D21AF /* SignTemp2.swift */; };
		07AEED101F038396001D21AF /* SearchCell.swift in Sources */ = {isa = PBXBuildFile; fileRef = 07AEED0F1F038396001D21AF /* SearchCell.swift */; };
		07AEED121F0383A6001D21AF /* SearchVO.swift in Sources */ = {isa = PBXBuildFile; fileRef = 07AEED111F0383A6001D21AF /* SearchVO.swift */; };
		07AEED161F039264001D21AF /* SearchDataPacket.swift in Sources */ = {isa = PBXBuildFile; fileRef = 07AEED151F039264001D21AF /* SearchDataPacket.swift */; };
		07AEED181F039441001D21AF /* ExtensionControl.swift in Sources */ = {isa = PBXBuildFile; fileRef = 07AEED171F039441001D21AF /* ExtensionControl.swift */; };
		07E974021F01F47300728D21 /* SearchNavi.swift in Sources */ = {isa = PBXBuildFile; fileRef = 07E974011F01F47300728D21 /* SearchNavi.swift */; };
		07E974041F01F49100728D21 /* CreateNavi.swift in Sources */ = {isa = PBXBuildFile; fileRef = 07E974031F01F49100728D21 /* CreateNavi.swift */; };
		07E974061F02075500728D21 /* Card.storyboard in Resources */ = {isa = PBXBuildFile; fileRef = 07E974051F02075500728D21 /* Card.storyboard */; };
		07E974081F02078400728D21 /* CardVC.swift in Sources */ = {isa = PBXBuildFile; fileRef = 07E974071F02078400728D21 /* CardVC.swift */; };
		07E9740C1F0208DC00728D21 /* DataVC.swift in Sources */ = {isa = PBXBuildFile; fileRef = 07E9740B1F0208DC00728D21 /* DataVC.swift */; };
		07F8BFDA1F03A372002CEA97 /* TeamMainVC.swift in Sources */ = {isa = PBXBuildFile; fileRef = 07F8BFD91F03A372002CEA97 /* TeamMainVC.swift */; };
		07F8BFDC1F03A37A002CEA97 /* TeamScheduleVC.swift in Sources */ = {isa = PBXBuildFile; fileRef = 07F8BFDB1F03A37A002CEA97 /* TeamScheduleVC.swift */; };
		07F8BFDE1F03A382002CEA97 /* TeamMemberVC.swift in Sources */ = {isa = PBXBuildFile; fileRef = 07F8BFDD1F03A382002CEA97 /* TeamMemberVC.swift */; };
		07F9305E1F060172000EB9DD /* SignSearchDetailScroll.swift in Sources */ = {isa = PBXBuildFile; fileRef = 07F9305D1F060172000EB9DD /* SignSearchDetailScroll.swift */; };
		07F930601F06219A000EB9DD /* TeamScheduleAdd.swift in Sources */ = {isa = PBXBuildFile; fileRef = 07F9305F1F06219A000EB9DD /* TeamScheduleAdd.swift */; };
		C250D27597407B1F099AEA8C /* Pods_Assist.framework in Frameworks */ = {isa = PBXBuildFile; fileRef = 00911895D4294008CFF506E1 /* Pods_Assist.framework */; };
/* End PBXBuildFile section */

/* Begin PBXFileReference section */
		00911895D4294008CFF506E1 /* Pods_Assist.framework */ = {isa = PBXFileReference; explicitFileType = wrapper.framework; includeInIndex = 0; path = Pods_Assist.framework; sourceTree = BUILT_PRODUCTS_DIR; };
		0701C5C11F080F7300FBEE03 /* TeamEntryMemCell.swift */ = {isa = PBXFileReference; fileEncoding = 4; lastKnownFileType = sourcecode.swift; path = TeamEntryMemCell.swift; sourceTree = "<group>"; };
		0701C5C31F080F7C00FBEE03 /* TeamEntryMemVO.swift */ = {isa = PBXFileReference; fileEncoding = 4; lastKnownFileType = sourcecode.swift; path = TeamEntryMemVO.swift; sourceTree = "<group>"; };
		0701C5C51F08163000FBEE03 /* DataTeamRecordVO.swift */ = {isa = PBXFileReference; fileEncoding = 4; lastKnownFileType = sourcecode.swift; path = DataTeamRecordVO.swift; sourceTree = "<group>"; };
		0701C5C71F08163D00FBEE03 /* DataTeamRecordCell.swift */ = {isa = PBXFileReference; fileEncoding = 4; lastKnownFileType = sourcecode.swift; path = DataTeamRecordCell.swift; sourceTree = "<group>"; };
		0706B1BB1F00D66D00ACE4A1 /* SplashLogin.storyboard */ = {isa = PBXFileReference; fileEncoding = 4; lastKnownFileType = file.storyboard; path = SplashLogin.storyboard; sourceTree = "<group>"; };
		0706B1BE1F01178600ACE4A1 /* SplashVC.swift */ = {isa = PBXFileReference; fileEncoding = 4; lastKnownFileType = sourcecode.swift; path = SplashVC.swift; sourceTree = "<group>"; };
		0706B1C31F01180400ACE4A1 /* SignBaseVC.swift */ = {isa = PBXFileReference; fileEncoding = 4; lastKnownFileType = sourcecode.swift; path = SignBaseVC.swift; sourceTree = "<group>"; };
		0706B1C51F01180C00ACE4A1 /* SignDetailVC.swift */ = {isa = PBXFileReference; fileEncoding = 4; lastKnownFileType = sourcecode.swift; path = SignDetailVC.swift; sourceTree = "<group>"; };
		0706B1C71F01181300ACE4A1 /* SignSearchVC.swift */ = {isa = PBXFileReference; fileEncoding = 4; lastKnownFileType = sourcecode.swift; path = SignSearchVC.swift; sourceTree = "<group>"; };
		0706B1C91F0118B300ACE4A1 /* SignCreateVC.swift */ = {isa = PBXFileReference; fileEncoding = 4; lastKnownFileType = sourcecode.swift; path = SignCreateVC.swift; sourceTree = "<group>"; };
		0706B1CB1F01191E00ACE4A1 /* LoginVC.swift */ = {isa = PBXFileReference; fileEncoding = 4; lastKnownFileType = sourcecode.swift; path = LoginVC.swift; sourceTree = "<group>"; };
		0706B1CD1F0119E400ACE4A1 /* MainVC.swift */ = {isa = PBXFileReference; fileEncoding = 4; lastKnownFileType = sourcecode.swift; path = MainVC.swift; sourceTree = "<group>"; };
		0706B1D21F011A2200ACE4A1 /* Team.storyboard */ = {isa = PBXFileReference; fileEncoding = 4; lastKnownFileType = file.storyboard; path = Team.storyboard; sourceTree = "<group>"; };
		0706B1D41F011AAC00ACE4A1 /* SignTab.swift */ = {isa = PBXFileReference; fileEncoding = 4; lastKnownFileType = sourcecode.swift; path = SignTab.swift; sourceTree = "<group>"; };
		0706B1D61F011D6300ACE4A1 /* Data.storyboard */ = {isa = PBXFileReference; fileEncoding = 4; lastKnownFileType = file.storyboard; path = Data.storyboard; sourceTree = "<group>"; };
		0706B1D81F0176DB00ACE4A1 /* SignTemp.swift */ = {isa = PBXFileReference; fileEncoding = 4; lastKnownFileType = sourcecode.swift; path = SignTemp.swift; sourceTree = "<group>"; };
		0707035A1F075FC900FF8EFA /* DataDetailEntry2.swift */ = {isa = PBXFileReference; fileEncoding = 4; lastKnownFileType = sourcecode.swift; path = DataDetailEntry2.swift; sourceTree = "<group>"; };
		0707035C1F0769E500FF8EFA /* DataGrp1.swift */ = {isa = PBXFileReference; fileEncoding = 4; lastKnownFileType = sourcecode.swift; path = DataGrp1.swift; sourceTree = "<group>"; };
		0707035E1F0769F100FF8EFA /* DataGrp2.swift */ = {isa = PBXFileReference; fileEncoding = 4; lastKnownFileType = sourcecode.swift; path = DataGrp2.swift; sourceTree = "<group>"; };
		070730E31F0371C30007E7D7 /* SearchTab.swift */ = {isa = PBXFileReference; fileEncoding = 4; lastKnownFileType = sourcecode.swift; path = SearchTab.swift; sourceTree = "<group>"; };
		0707BACF1F04C350006AD50F /* DataTab.swift */ = {isa = PBXFileReference; fileEncoding = 4; lastKnownFileType = sourcecode.swift; path = DataTab.swift; sourceTree = "<group>"; };
		0707BAD11F04C5E6006AD50F /* DataRecordVC.swift */ = {isa = PBXFileReference; fileEncoding = 4; lastKnownFileType = sourcecode.swift; path = DataRecordVC.swift; sourceTree = "<group>"; };
		0707BAD31F04C5EE006AD50F /* DataTeamVC.swift */ = {isa = PBXFileReference; fileEncoding = 4; lastKnownFileType = sourcecode.swift; path = DataTeamVC.swift; sourceTree = "<group>"; };
		0707BAD51F04C5F7006AD50F /* DataPersonalVC.swift */ = {isa = PBXFileReference; fileEncoding = 4; lastKnownFileType = sourcecode.swift; path = DataPersonalVC.swift; sourceTree = "<group>"; };
		0707BAD91F04CA8F006AD50F /* DataDetailEntry.swift */ = {isa = PBXFileReference; fileEncoding = 4; lastKnownFileType = sourcecode.swift; path = DataDetailEntry.swift; sourceTree = "<group>"; };
		0707BADB1F04CA9C006AD50F /* DataDetail.swift */ = {isa = PBXFileReference; fileEncoding = 4; lastKnownFileType = sourcecode.swift; path = DataDetail.swift; sourceTree = "<group>"; };
		0707BADD1F04D300006AD50F /* TeamEntryMem.swift */ = {isa = PBXFileReference; fileEncoding = 4; lastKnownFileType = sourcecode.swift; path = TeamEntryMem.swift; sourceTree = "<group>"; };
		0707BADF1F04D61B006AD50F /* DataToMain.swift */ = {isa = PBXFileReference; fileEncoding = 4; lastKnownFileType = sourcecode.swift; path = DataToMain.swift; sourceTree = "<group>"; };
		0707BAE31F04E9D6006AD50F /* DataTeamRoot.swift */ = {isa = PBXFileReference; fileEncoding = 4; lastKnownFileType = sourcecode.swift; path = DataTeamRoot.swift; sourceTree = "<group>"; };
		0707BAE71F04EE6E006AD50F /* DataTeamR1.swift */ = {isa = PBXFileReference; fileEncoding = 4; lastKnownFileType = sourcecode.swift; path = DataTeamR1.swift; sourceTree = "<group>"; };
		0707BAE91F04EE77006AD50F /* DataTeamR2.swift */ = {isa = PBXFileReference; fileEncoding = 4; lastKnownFileType = sourcecode.swift; path = DataTeamR2.swift; sourceTree = "<group>"; };
		0707BAEB1F04EE80006AD50F /* DataTeamR3.swift */ = {isa = PBXFileReference; fileEncoding = 4; lastKnownFileType = sourcecode.swift; path = DataTeamR3.swift; sourceTree = "<group>"; };
		0707BAED1F04EE8C006AD50F /* DataTeamR4.swift */ = {isa = PBXFileReference; fileEncoding = 4; lastKnownFileType = sourcecode.swift; path = DataTeamR4.swift; sourceTree = "<group>"; };
		0707BAEF1F04F722006AD50F /* DataTeamRootC.swift */ = {isa = PBXFileReference; fileEncoding = 4; lastKnownFileType = sourcecode.swift; path = DataTeamRootC.swift; sourceTree = "<group>"; };
		0707BAF11F0510D1006AD50F /* DataPeronalRoot.swift */ = {isa = PBXFileReference; fileEncoding = 4; lastKnownFileType = sourcecode.swift; path = DataPeronalRoot.swift; sourceTree = "<group>"; };
		0707BAF31F05110D006AD50F /* DataPersonalRootC.swift */ = {isa = PBXFileReference; fileEncoding = 4; lastKnownFileType = sourcecode.swift; path = DataPersonalRootC.swift; sourceTree = "<group>"; };
		0707BAF51F051115006AD50F /* DataPersonalR1.swift */ = {isa = PBXFileReference; fileEncoding = 4; lastKnownFileType = sourcecode.swift; path = DataPersonalR1.swift; sourceTree = "<group>"; };
		0707BAF71F05111F006AD50F /* DataPersonalR2.swift */ = {isa = PBXFileReference; fileEncoding = 4; lastKnownFileType = sourcecode.swift; path = DataPersonalR2.swift; sourceTree = "<group>"; };
		0707BAF91F051128006AD50F /* DataPersonalR3.swift */ = {isa = PBXFileReference; fileEncoding = 4; lastKnownFileType = sourcecode.swift; path = DataPersonalR3.swift; sourceTree = "<group>"; };
		0707BAFB1F0519C9006AD50F /* ScrollableGraphView.swift */ = {isa = PBXFileReference; fileEncoding = 4; lastKnownFileType = sourcecode.swift; path = ScrollableGraphView.swift; sourceTree = "<group>"; };
		070A12E71F03BF1C00CAD26B /* TeamTab.swift */ = {isa = PBXFileReference; fileEncoding = 4; lastKnownFileType = sourcecode.swift; path = TeamTab.swift; sourceTree = "<group>"; };
		070A12EF1F03CEF700CAD26B /* KDCircularProgress.swift */ = {isa = PBXFileReference; fileEncoding = 4; lastKnownFileType = sourcecode.swift; path = KDCircularProgress.swift; sourceTree = "<group>"; };
		070A12F31F03EF9000CAD26B /* TeamToMainVC.swift */ = {isa = PBXFileReference; fileEncoding = 4; lastKnownFileType = sourcecode.swift; path = TeamToMainVC.swift; sourceTree = "<group>"; };
		070BDE8D1EFFF8BE0052FA77 /* Assist.app */ = {isa = PBXFileReference; explicitFileType = wrapper.application; includeInIndex = 0; path = Assist.app; sourceTree = BUILT_PRODUCTS_DIR; };
		070BDE901EFFF8BE0052FA77 /* AppDelegate.swift */ = {isa = PBXFileReference; lastKnownFileType = sourcecode.swift; path = AppDelegate.swift; sourceTree = "<group>"; };
		070BDE921EFFF8BE0052FA77 /* ViewController.swift */ = {isa = PBXFileReference; lastKnownFileType = sourcecode.swift; path = ViewController.swift; sourceTree = "<group>"; };
		070BDE951EFFF8BE0052FA77 /* Base */ = {isa = PBXFileReference; lastKnownFileType = file.storyboard; name = Base; path = Base.lproj/Main.storyboard; sourceTree = "<group>"; };
		070BDE971EFFF8BE0052FA77 /* Assets.xcassets */ = {isa = PBXFileReference; lastKnownFileType = folder.assetcatalog; path = Assets.xcassets; sourceTree = "<group>"; };
		070BDE9A1EFFF8BE0052FA77 /* Base */ = {isa = PBXFileReference; lastKnownFileType = file.storyboard; name = Base; path = Base.lproj/LaunchScreen.storyboard; sourceTree = "<group>"; };
		070BDE9C1EFFF8BE0052FA77 /* Info.plist */ = {isa = PBXFileReference; lastKnownFileType = text.plist.xml; path = Info.plist; sourceTree = "<group>"; };
		070C5C621F078247008FBC7B /* Data433.swift */ = {isa = PBXFileReference; fileEncoding = 4; lastKnownFileType = sourcecode.swift; path = Data433.swift; sourceTree = "<group>"; };
		070C5C641F07824D008FBC7B /* Data442.swift */ = {isa = PBXFileReference; fileEncoding = 4; lastKnownFileType = sourcecode.swift; path = Data442.swift; sourceTree = "<group>"; };
		070C5C661F078254008FBC7B /* Data343.swift */ = {isa = PBXFileReference; fileEncoding = 4; lastKnownFileType = sourcecode.swift; path = Data343.swift; sourceTree = "<group>"; };
		070C5C681F07825A008FBC7B /* Data352.swift */ = {isa = PBXFileReference; fileEncoding = 4; lastKnownFileType = sourcecode.swift; path = Data352.swift; sourceTree = "<group>"; };
		070C5C6A1F078264008FBC7B /* Data451.swift */ = {isa = PBXFileReference; fileEncoding = 4; lastKnownFileType = sourcecode.swift; path = Data451.swift; sourceTree = "<group>"; };
		0716FA6E1F0673410046E156 /* TeamScheduleInsert.swift */ = {isa = PBXFileReference; fileEncoding = 4; lastKnownFileType = sourcecode.swift; path = TeamScheduleInsert.swift; sourceTree = "<group>"; };
		072CCC2E1F07D5470084BABE /* TeamEntryVO.swift */ = {isa = PBXFileReference; fileEncoding = 4; lastKnownFileType = sourcecode.swift; path = TeamEntryVO.swift; sourceTree = "<group>"; };
		072CCC301F07D54E0084BABE /* TeamEntryCell.swift */ = {isa = PBXFileReference; fileEncoding = 4; lastKnownFileType = sourcecode.swift; path = TeamEntryCell.swift; sourceTree = "<group>"; };
		07AB46441F027CEE001EFB89 /* BarCustom.swift */ = {isa = PBXFileReference; fileEncoding = 4; lastKnownFileType = sourcecode.swift; path = BarCustom.swift; sourceTree = "<group>"; };
		07AEED091F037537001D21AF /* SignSearchDetail.swift */ = {isa = PBXFileReference; fileEncoding = 4; lastKnownFileType = sourcecode.swift; path = SignSearchDetail.swift; sourceTree = "<group>"; };
		07AEED0B1F0376B2001D21AF /* SignTemp2.swift */ = {isa = PBXFileReference; fileEncoding = 4; lastKnownFileType = sourcecode.swift; path = SignTemp2.swift; sourceTree = "<group>"; };
		07AEED0F1F038396001D21AF /* SearchCell.swift */ = {isa = PBXFileReference; fileEncoding = 4; lastKnownFileType = sourcecode.swift; path = SearchCell.swift; sourceTree = "<group>"; };
		07AEED111F0383A6001D21AF /* SearchVO.swift */ = {isa = PBXFileReference; fileEncoding = 4; lastKnownFileType = sourcecode.swift; path = SearchVO.swift; sourceTree = "<group>"; };
		07AEED151F039264001D21AF /* SearchDataPacket.swift */ = {isa = PBXFileReference; fileEncoding = 4; lastKnownFileType = sourcecode.swift; path = SearchDataPacket.swift; sourceTree = "<group>"; };
		07AEED171F039441001D21AF /* ExtensionControl.swift */ = {isa = PBXFileReference; fileEncoding = 4; lastKnownFileType = sourcecode.swift; path = ExtensionControl.swift; sourceTree = "<group>"; };
		07E974011F01F47300728D21 /* SearchNavi.swift */ = {isa = PBXFileReference; fileEncoding = 4; lastKnownFileType = sourcecode.swift; path = SearchNavi.swift; sourceTree = "<group>"; };
		07E974031F01F49100728D21 /* CreateNavi.swift */ = {isa = PBXFileReference; fileEncoding = 4; lastKnownFileType = sourcecode.swift; path = CreateNavi.swift; sourceTree = "<group>"; };
		07E974051F02075500728D21 /* Card.storyboard */ = {isa = PBXFileReference; fileEncoding = 4; lastKnownFileType = file.storyboard; path = Card.storyboard; sourceTree = "<group>"; };
		07E974071F02078400728D21 /* CardVC.swift */ = {isa = PBXFileReference; fileEncoding = 4; lastKnownFileType = sourcecode.swift; path = CardVC.swift; sourceTree = "<group>"; };
		07E9740B1F0208DC00728D21 /* DataVC.swift */ = {isa = PBXFileReference; fileEncoding = 4; lastKnownFileType = sourcecode.swift; path = DataVC.swift; sourceTree = "<group>"; };
		07F8BFD91F03A372002CEA97 /* TeamMainVC.swift */ = {isa = PBXFileReference; fileEncoding = 4; lastKnownFileType = sourcecode.swift; path = TeamMainVC.swift; sourceTree = "<group>"; };
		07F8BFDB1F03A37A002CEA97 /* TeamScheduleVC.swift */ = {isa = PBXFileReference; fileEncoding = 4; lastKnownFileType = sourcecode.swift; path = TeamScheduleVC.swift; sourceTree = "<group>"; };
		07F8BFDD1F03A382002CEA97 /* TeamMemberVC.swift */ = {isa = PBXFileReference; fileEncoding = 4; lastKnownFileType = sourcecode.swift; path = TeamMemberVC.swift; sourceTree = "<group>"; };
		07F9305D1F060172000EB9DD /* SignSearchDetailScroll.swift */ = {isa = PBXFileReference; fileEncoding = 4; lastKnownFileType = sourcecode.swift; path = SignSearchDetailScroll.swift; sourceTree = "<group>"; };
		07F9305F1F06219A000EB9DD /* TeamScheduleAdd.swift */ = {isa = PBXFileReference; fileEncoding = 4; lastKnownFileType = sourcecode.swift; path = TeamScheduleAdd.swift; sourceTree = "<group>"; };
		53A0CBBD52C9F9FC5B20C49A /* Pods-Assist.debug.xcconfig */ = {isa = PBXFileReference; includeInIndex = 1; lastKnownFileType = text.xcconfig; name = "Pods-Assist.debug.xcconfig"; path = "Pods/Target Support Files/Pods-Assist/Pods-Assist.debug.xcconfig"; sourceTree = "<group>"; };
		67301E41C45862286ADE4DD3 /* Pods-Assist.release.xcconfig */ = {isa = PBXFileReference; includeInIndex = 1; lastKnownFileType = text.xcconfig; name = "Pods-Assist.release.xcconfig"; path = "Pods/Target Support Files/Pods-Assist/Pods-Assist.release.xcconfig"; sourceTree = "<group>"; };
/* End PBXFileReference section */

/* Begin PBXFrameworksBuildPhase section */
		070BDE8A1EFFF8BE0052FA77 /* Frameworks */ = {
			isa = PBXFrameworksBuildPhase;
			buildActionMask = 2147483647;
			files = (
				C250D27597407B1F099AEA8C /* Pods_Assist.framework in Frameworks */,
			);
			runOnlyForDeploymentPostprocessing = 0;
		};
/* End PBXFrameworksBuildPhase section */

/* Begin PBXGroup section */
		0706B1BD1F01177400ACE4A1 /* SplashLogin */ = {
			isa = PBXGroup;
			children = (
				0706B1BB1F00D66D00ACE4A1 /* SplashLogin.storyboard */,
				07AEED0F1F038396001D21AF /* SearchCell.swift */,
				0706B1BE1F01178600ACE4A1 /* SplashVC.swift */,
				0706B1C31F01180400ACE4A1 /* SignBaseVC.swift */,
				0706B1C51F01180C00ACE4A1 /* SignDetailVC.swift */,
				0706B1C71F01181300ACE4A1 /* SignSearchVC.swift */,
				0706B1C91F0118B300ACE4A1 /* SignCreateVC.swift */,
				0706B1CB1F01191E00ACE4A1 /* LoginVC.swift */,
				0706B1D41F011AAC00ACE4A1 /* SignTab.swift */,
				0706B1D81F0176DB00ACE4A1 /* SignTemp.swift */,
				07E974011F01F47300728D21 /* SearchNavi.swift */,
				07E974031F01F49100728D21 /* CreateNavi.swift */,
				070730E31F0371C30007E7D7 /* SearchTab.swift */,
				07AEED091F037537001D21AF /* SignSearchDetail.swift */,
				07AEED0B1F0376B2001D21AF /* SignTemp2.swift */,
				07AEED111F0383A6001D21AF /* SearchVO.swift */,
				07AEED151F039264001D21AF /* SearchDataPacket.swift */,
				07F9305D1F060172000EB9DD /* SignSearchDetailScroll.swift */,
			);
			name = SplashLogin;
			sourceTree = "<group>";
		};
		0706B1C21F0117B300ACE4A1 /* Main */ = {
			isa = PBXGroup;
			children = (
				0706B1D11F011A0300ACE4A1 /* Data */,
				0706B1D01F0119FD00ACE4A1 /* Card */,
				0706B1CF1F0119F800ACE4A1 /* Team */,
				070BDE941EFFF8BE0052FA77 /* Main.storyboard */,
				0706B1CD1F0119E400ACE4A1 /* MainVC.swift */,
			);
			name = Main;
			sourceTree = "<group>";
		};
		0706B1CF1F0119F800ACE4A1 /* Team */ = {
			isa = PBXGroup;
			children = (
				0706B1D21F011A2200ACE4A1 /* Team.storyboard */,
				070A12F31F03EF9000CAD26B /* TeamToMainVC.swift */,
				07F8BFD91F03A372002CEA97 /* TeamMainVC.swift */,
				07F8BFDB1F03A37A002CEA97 /* TeamScheduleVC.swift */,
				07F8BFDD1F03A382002CEA97 /* TeamMemberVC.swift */,
				070A12E71F03BF1C00CAD26B /* TeamTab.swift */,
				0707BADD1F04D300006AD50F /* TeamEntryMem.swift */,
				07F9305F1F06219A000EB9DD /* TeamScheduleAdd.swift */,
				0716FA6E1F0673410046E156 /* TeamScheduleInsert.swift */,
				072CCC2E1F07D5470084BABE /* TeamEntryVO.swift */,
				072CCC301F07D54E0084BABE /* TeamEntryCell.swift */,
				0701C5C11F080F7300FBEE03 /* TeamEntryMemCell.swift */,
				0701C5C31F080F7C00FBEE03 /* TeamEntryMemVO.swift */,
			);
			name = Team;
			sourceTree = "<group>";
		};
		0706B1D01F0119FD00ACE4A1 /* Card */ = {
			isa = PBXGroup;
			children = (
				07E974051F02075500728D21 /* Card.storyboard */,
				07E974071F02078400728D21 /* CardVC.swift */,
			);
			name = Card;
			sourceTree = "<group>";
		};
		0706B1D11F011A0300ACE4A1 /* Data */ = {
			isa = PBXGroup;
			children = (
				0706B1D61F011D6300ACE4A1 /* Data.storyboard */,
				07E9740B1F0208DC00728D21 /* DataVC.swift */,
				0707BACF1F04C350006AD50F /* DataTab.swift */,
				0707BAD11F04C5E6006AD50F /* DataRecordVC.swift */,
				0707BAD31F04C5EE006AD50F /* DataTeamVC.swift */,
				0707BAD51F04C5F7006AD50F /* DataPersonalVC.swift */,
				0707BAD91F04CA8F006AD50F /* DataDetailEntry.swift */,
				0707BADB1F04CA9C006AD50F /* DataDetail.swift */,
				0707BADF1F04D61B006AD50F /* DataToMain.swift */,
				0707BAE31F04E9D6006AD50F /* DataTeamRoot.swift */,
				0707BAE71F04EE6E006AD50F /* DataTeamR1.swift */,
				0707BAE91F04EE77006AD50F /* DataTeamR2.swift */,
				0707BAEB1F04EE80006AD50F /* DataTeamR3.swift */,
				0707BAED1F04EE8C006AD50F /* DataTeamR4.swift */,
				0707BAEF1F04F722006AD50F /* DataTeamRootC.swift */,
				0707BAF11F0510D1006AD50F /* DataPeronalRoot.swift */,
				0707BAF31F05110D006AD50F /* DataPersonalRootC.swift */,
				0707BAF51F051115006AD50F /* DataPersonalR1.swift */,
				0707BAF71F05111F006AD50F /* DataPersonalR2.swift */,
				0707BAF91F051128006AD50F /* DataPersonalR3.swift */,
				0707035A1F075FC900FF8EFA /* DataDetailEntry2.swift */,
				0707035C1F0769E500FF8EFA /* DataGrp1.swift */,
				0707035E1F0769F100FF8EFA /* DataGrp2.swift */,
				070C5C621F078247008FBC7B /* Data433.swift */,
				070C5C641F07824D008FBC7B /* Data442.swift */,
				070C5C661F078254008FBC7B /* Data343.swift */,
				070C5C681F07825A008FBC7B /* Data352.swift */,
				070C5C6A1F078264008FBC7B /* Data451.swift */,
				0701C5C51F08163000FBEE03 /* DataTeamRecordVO.swift */,
				0701C5C71F08163D00FBEE03 /* DataTeamRecordCell.swift */,
			);
			name = Data;
			sourceTree = "<group>";
		};
		070BDE841EFFF8BE0052FA77 = {
			isa = PBXGroup;
			children = (
				070BDE8F1EFFF8BE0052FA77 /* Assist */,
				070BDE8E1EFFF8BE0052FA77 /* Products */,
				336D041AA4772F0E893DEAEC /* Pods */,
				3A302E2B9160533341843AD8 /* Frameworks */,
			);
			sourceTree = "<group>";
		};
		070BDE8E1EFFF8BE0052FA77 /* Products */ = {
			isa = PBXGroup;
			children = (
				070BDE8D1EFFF8BE0052FA77 /* Assist.app */,
			);
			name = Products;
			sourceTree = "<group>";
		};
		070BDE8F1EFFF8BE0052FA77 /* Assist */ = {
			isa = PBXGroup;
			children = (
				0706B1C21F0117B300ACE4A1 /* Main */,
				0706B1BD1F01177400ACE4A1 /* SplashLogin */,
				070BDE901EFFF8BE0052FA77 /* AppDelegate.swift */,
				07AB46441F027CEE001EFB89 /* BarCustom.swift */,
				070BDE921EFFF8BE0052FA77 /* ViewController.swift */,
				070BDE971EFFF8BE0052FA77 /* Assets.xcassets */,
				070BDE991EFFF8BE0052FA77 /* LaunchScreen.storyboard */,
				070BDE9C1EFFF8BE0052FA77 /* Info.plist */,
				07AEED171F039441001D21AF /* ExtensionControl.swift */,
				070A12EF1F03CEF700CAD26B /* KDCircularProgress.swift */,
				0707BAFB1F0519C9006AD50F /* ScrollableGraphView.swift */,
			);
			path = Assist;
			sourceTree = "<group>";
		};
		336D041AA4772F0E893DEAEC /* Pods */ = {
			isa = PBXGroup;
			children = (
				53A0CBBD52C9F9FC5B20C49A /* Pods-Assist.debug.xcconfig */,
				67301E41C45862286ADE4DD3 /* Pods-Assist.release.xcconfig */,
			);
			name = Pods;
			sourceTree = "<group>";
		};
		3A302E2B9160533341843AD8 /* Frameworks */ = {
			isa = PBXGroup;
			children = (
				00911895D4294008CFF506E1 /* Pods_Assist.framework */,
			);
			name = Frameworks;
			sourceTree = "<group>";
		};
/* End PBXGroup section */

/* Begin PBXNativeTarget section */
		070BDE8C1EFFF8BE0052FA77 /* Assist */ = {
			isa = PBXNativeTarget;
			buildConfigurationList = 070BDE9F1EFFF8BE0052FA77 /* Build configuration list for PBXNativeTarget "Assist" */;
			buildPhases = (
				463B037D24168B4BF7BCCF1C /* [CP] Check Pods Manifest.lock */,
				070BDE891EFFF8BE0052FA77 /* Sources */,
				070BDE8A1EFFF8BE0052FA77 /* Frameworks */,
				070BDE8B1EFFF8BE0052FA77 /* Resources */,
				56903EE37A88388CCE012262 /* [CP] Embed Pods Frameworks */,
				DC7A1A6050D9287E5469114F /* [CP] Copy Pods Resources */,
			);
			buildRules = (
			);
			dependencies = (
			);
			name = Assist;
			productName = Assist;
			productReference = 070BDE8D1EFFF8BE0052FA77 /* Assist.app */;
			productType = "com.apple.product-type.application";
		};
/* End PBXNativeTarget section */

/* Begin PBXProject section */
		070BDE851EFFF8BE0052FA77 /* Project object */ = {
			isa = PBXProject;
			attributes = {
				LastSwiftUpdateCheck = 0830;
				LastUpgradeCheck = 0830;
				ORGANIZATIONNAME = YG;
				TargetAttributes = {
					070BDE8C1EFFF8BE0052FA77 = {
						CreatedOnToolsVersion = 8.3.3;
						DevelopmentTeam = 2P4R78NA3B;
						ProvisioningStyle = Automatic;
					};
				};
			};
			buildConfigurationList = 070BDE881EFFF8BE0052FA77 /* Build configuration list for PBXProject "Assist" */;
			compatibilityVersion = "Xcode 3.2";
			developmentRegion = English;
			hasScannedForEncodings = 0;
			knownRegions = (
				en,
				Base,
			);
			mainGroup = 070BDE841EFFF8BE0052FA77;
			productRefGroup = 070BDE8E1EFFF8BE0052FA77 /* Products */;
			projectDirPath = "";
			projectRoot = "";
			targets = (
				070BDE8C1EFFF8BE0052FA77 /* Assist */,
			);
		};
/* End PBXProject section */

/* Begin PBXResourcesBuildPhase section */
		070BDE8B1EFFF8BE0052FA77 /* Resources */ = {
			isa = PBXResourcesBuildPhase;
			buildActionMask = 2147483647;
			files = (
				0706B1D71F011D6300ACE4A1 /* Data.storyboard in Resources */,
				070BDE9B1EFFF8BE0052FA77 /* LaunchScreen.storyboard in Resources */,
				0706B1BC1F00D66D00ACE4A1 /* SplashLogin.storyboard in Resources */,
				070BDE981EFFF8BE0052FA77 /* Assets.xcassets in Resources */,
				070BDE961EFFF8BE0052FA77 /* Main.storyboard in Resources */,
				07E974061F02075500728D21 /* Card.storyboard in Resources */,
				0706B1D31F011A2200ACE4A1 /* Team.storyboard in Resources */,
			);
			runOnlyForDeploymentPostprocessing = 0;
		};
/* End PBXResourcesBuildPhase section */

/* Begin PBXShellScriptBuildPhase section */
		463B037D24168B4BF7BCCF1C /* [CP] Check Pods Manifest.lock */ = {
			isa = PBXShellScriptBuildPhase;
			buildActionMask = 2147483647;
			files = (
			);
			inputPaths = (
			);
			name = "[CP] Check Pods Manifest.lock";
			outputPaths = (
			);
			runOnlyForDeploymentPostprocessing = 0;
			shellPath = /bin/sh;
			shellScript = "diff \"${PODS_PODFILE_DIR_PATH}/Podfile.lock\" \"${PODS_ROOT}/Manifest.lock\" > /dev/null\nif [ $? != 0 ] ; then\n    # print error to STDERR\n    echo \"error: The sandbox is not in sync with the Podfile.lock. Run 'pod install' or update your CocoaPods installation.\" >&2\n    exit 1\nfi\n";
			showEnvVarsInLog = 0;
		};
		56903EE37A88388CCE012262 /* [CP] Embed Pods Frameworks */ = {
			isa = PBXShellScriptBuildPhase;
			buildActionMask = 2147483647;
			files = (
			);
			inputPaths = (
			);
			name = "[CP] Embed Pods Frameworks";
			outputPaths = (
			);
			runOnlyForDeploymentPostprocessing = 0;
			shellPath = /bin/sh;
			shellScript = "\"${SRCROOT}/Pods/Target Support Files/Pods-Assist/Pods-Assist-frameworks.sh\"\n";
			showEnvVarsInLog = 0;
		};
		DC7A1A6050D9287E5469114F /* [CP] Copy Pods Resources */ = {
			isa = PBXShellScriptBuildPhase;
			buildActionMask = 2147483647;
			files = (
			);
			inputPaths = (
			);
			name = "[CP] Copy Pods Resources";
			outputPaths = (
			);
			runOnlyForDeploymentPostprocessing = 0;
			shellPath = /bin/sh;
			shellScript = "\"${SRCROOT}/Pods/Target Support Files/Pods-Assist/Pods-Assist-resources.sh\"\n";
			showEnvVarsInLog = 0;
		};
/* End PBXShellScriptBuildPhase section */

/* Begin PBXSourcesBuildPhase section */
		070BDE891EFFF8BE0052FA77 /* Sources */ = {
			isa = PBXSourcesBuildPhase;
			buildActionMask = 2147483647;
			files = (
				070C5C691F07825A008FBC7B /* Data352.swift in Sources */,
				0707BAF41F05110D006AD50F /* DataPersonalRootC.swift in Sources */,
				07F8BFDA1F03A372002CEA97 /* TeamMainVC.swift in Sources */,
				0707BAFA1F051128006AD50F /* DataPersonalR3.swift in Sources */,
				0707BAFC1F0519C9006AD50F /* ScrollableGraphView.swift in Sources */,
				070C5C631F078247008FBC7B /* Data433.swift in Sources */,
				07F9305E1F060172000EB9DD /* SignSearchDetailScroll.swift in Sources */,
				0707035B1F075FC900FF8EFA /* DataDetailEntry2.swift in Sources */,
				0706B1C81F01181300ACE4A1 /* SignSearchVC.swift in Sources */,
				07AEED0A1F037537001D21AF /* SignSearchDetail.swift in Sources */,
				0707BAE01F04D61B006AD50F /* DataToMain.swift in Sources */,
				0707BAE41F04E9D6006AD50F /* DataTeamRoot.swift in Sources */,
				0701C5C41F080F7C00FBEE03 /* TeamEntryMemVO.swift in Sources */,
				0701C5C61F08163000FBEE03 /* DataTeamRecordVO.swift in Sources */,
				07E9740C1F0208DC00728D21 /* DataVC.swift in Sources */,
				0706B1C41F01180400ACE4A1 /* SignBaseVC.swift in Sources */,
				0707BAF61F051115006AD50F /* DataPersonalR1.swift in Sources */,
				0707035F1F0769F100FF8EFA /* DataGrp2.swift in Sources */,
				070C5C651F07824D008FBC7B /* Data442.swift in Sources */,
				070A12F01F03CEF700CAD26B /* KDCircularProgress.swift in Sources */,
				0707BAEE1F04EE8C006AD50F /* DataTeamR4.swift in Sources */,
				07AEED121F0383A6001D21AF /* SearchVO.swift in Sources */,
				0701C5C21F080F7300FBEE03 /* TeamEntryMemCell.swift in Sources */,
				070C5C6B1F078264008FBC7B /* Data451.swift in Sources */,
				0706B1D51F011AAC00ACE4A1 /* SignTab.swift in Sources */,
				07AEED181F039441001D21AF /* ExtensionControl.swift in Sources */,
				07E974021F01F47300728D21 /* SearchNavi.swift in Sources */,
				070730E41F0371C30007E7D7 /* SearchTab.swift in Sources */,
				0707BAF01F04F722006AD50F /* DataTeamRootC.swift in Sources */,
				07E974081F02078400728D21 /* CardVC.swift in Sources */,
				0707BADC1F04CA9C006AD50F /* DataDetail.swift in Sources */,
				07F8BFDE1F03A382002CEA97 /* TeamMemberVC.swift in Sources */,
				0707BAEA1F04EE77006AD50F /* DataTeamR2.swift in Sources */,
				0706B1CC1F01191E00ACE4A1 /* LoginVC.swift in Sources */,
				07AEED101F038396001D21AF /* SearchCell.swift in Sources */,
				07AEED161F039264001D21AF /* SearchDataPacket.swift in Sources */,
				0707BAD61F04C5F7006AD50F /* DataPersonalVC.swift in Sources */,
				0707BAF21F0510D1006AD50F /* DataPeronalRoot.swift in Sources */,
				072CCC311F07D54E0084BABE /* TeamEntryCell.swift in Sources */,
				070BDE931EFFF8BE0052FA77 /* ViewController.swift in Sources */,
				0707BAD41F04C5EE006AD50F /* DataTeamVC.swift in Sources */,
				0706B1CE1F0119E400ACE4A1 /* MainVC.swift in Sources */,
				0706B1CA1F0118B300ACE4A1 /* SignCreateVC.swift in Sources */,
				07AEED0C1F0376B2001D21AF /* SignTemp2.swift in Sources */,
				0707BADE1F04D300006AD50F /* TeamEntryMem.swift in Sources */,
				0701C5C81F08163D00FBEE03 /* DataTeamRecordCell.swift in Sources */,
				07AB46451F027CEE001EFB89 /* BarCustom.swift in Sources */,
				0716FA6F1F0673410046E156 /* TeamScheduleInsert.swift in Sources */,
				07F930601F06219A000EB9DD /* TeamScheduleAdd.swift in Sources */,
				070C5C671F078254008FBC7B /* Data343.swift in Sources */,
				070BDE911EFFF8BE0052FA77 /* AppDelegate.swift in Sources */,
				070A12F41F03EF9000CAD26B /* TeamToMainVC.swift in Sources */,
				0707BAD01F04C350006AD50F /* DataTab.swift in Sources */,
				0706B1C61F01180C00ACE4A1 /* SignDetailVC.swift in Sources */,
				072CCC2F1F07D5470084BABE /* TeamEntryVO.swift in Sources */,
				0707035D1F0769E500FF8EFA /* DataGrp1.swift in Sources */,
				0707BADA1F04CA8F006AD50F /* DataDetailEntry.swift in Sources */,
				0707BAF81F05111F006AD50F /* DataPersonalR2.swift in Sources */,
				0706B1BF1F01178600ACE4A1 /* SplashVC.swift in Sources */,
				07F8BFDC1F03A37A002CEA97 /* TeamScheduleVC.swift in Sources */,
				0707BAEC1F04EE80006AD50F /* DataTeamR3.swift in Sources */,
				0707BAD21F04C5E6006AD50F /* DataRecordVC.swift in Sources */,
				070A12E81F03BF1C00CAD26B /* TeamTab.swift in Sources */,
				07E974041F01F49100728D21 /* CreateNavi.swift in Sources */,
				0706B1D91F0176DB00ACE4A1 /* SignTemp.swift in Sources */,
				0707BAE81F04EE6E006AD50F /* DataTeamR1.swift in Sources */,
			);
			runOnlyForDeploymentPostprocessing = 0;
		};
/* End PBXSourcesBuildPhase section */

/* Begin PBXVariantGroup section */
		070BDE941EFFF8BE0052FA77 /* Main.storyboard */ = {
			isa = PBXVariantGroup;
			children = (
				070BDE951EFFF8BE0052FA77 /* Base */,
			);
			name = Main.storyboard;
			sourceTree = "<group>";
		};
		070BDE991EFFF8BE0052FA77 /* LaunchScreen.storyboard */ = {
			isa = PBXVariantGroup;
			children = (
				070BDE9A1EFFF8BE0052FA77 /* Base */,
			);
			name = LaunchScreen.storyboard;
			sourceTree = "<group>";
		};
/* End PBXVariantGroup section */

/* Begin XCBuildConfiguration section */
		070BDE9D1EFFF8BE0052FA77 /* Debug */ = {
			isa = XCBuildConfiguration;
			buildSettings = {
				ALWAYS_SEARCH_USER_PATHS = NO;
				CLANG_ANALYZER_NONNULL = YES;
				CLANG_ANALYZER_NUMBER_OBJECT_CONVERSION = YES_AGGRESSIVE;
				CLANG_CXX_LANGUAGE_STANDARD = "gnu++0x";
				CLANG_CXX_LIBRARY = "libc++";
				CLANG_ENABLE_MODULES = YES;
				CLANG_ENABLE_OBJC_ARC = YES;
				CLANG_WARN_BOOL_CONVERSION = YES;
				CLANG_WARN_CONSTANT_CONVERSION = YES;
				CLANG_WARN_DIRECT_OBJC_ISA_USAGE = YES_ERROR;
				CLANG_WARN_DOCUMENTATION_COMMENTS = YES;
				CLANG_WARN_EMPTY_BODY = YES;
				CLANG_WARN_ENUM_CONVERSION = YES;
				CLANG_WARN_INFINITE_RECURSION = YES;
				CLANG_WARN_INT_CONVERSION = YES;
				CLANG_WARN_OBJC_ROOT_CLASS = YES_ERROR;
				CLANG_WARN_SUSPICIOUS_MOVE = YES;
				CLANG_WARN_UNREACHABLE_CODE = YES;
				CLANG_WARN__DUPLICATE_METHOD_MATCH = YES;
				"CODE_SIGN_IDENTITY[sdk=iphoneos*]" = "iPhone Developer";
				COPY_PHASE_STRIP = NO;
				DEBUG_INFORMATION_FORMAT = dwarf;
				ENABLE_STRICT_OBJC_MSGSEND = YES;
				ENABLE_TESTABILITY = YES;
				GCC_C_LANGUAGE_STANDARD = gnu99;
				GCC_DYNAMIC_NO_PIC = NO;
				GCC_NO_COMMON_BLOCKS = YES;
				GCC_OPTIMIZATION_LEVEL = 0;
				GCC_PREPROCESSOR_DEFINITIONS = (
					"DEBUG=1",
					"$(inherited)",
				);
				GCC_WARN_64_TO_32_BIT_CONVERSION = YES;
				GCC_WARN_ABOUT_RETURN_TYPE = YES_ERROR;
				GCC_WARN_UNDECLARED_SELECTOR = YES;
				GCC_WARN_UNINITIALIZED_AUTOS = YES_AGGRESSIVE;
				GCC_WARN_UNUSED_FUNCTION = YES;
				GCC_WARN_UNUSED_VARIABLE = YES;
				IPHONEOS_DEPLOYMENT_TARGET = 10.3;
				MTL_ENABLE_DEBUG_INFO = YES;
				ONLY_ACTIVE_ARCH = YES;
				SDKROOT = iphoneos;
				SWIFT_ACTIVE_COMPILATION_CONDITIONS = DEBUG;
				SWIFT_OPTIMIZATION_LEVEL = "-Onone";
			};
			name = Debug;
		};
		070BDE9E1EFFF8BE0052FA77 /* Release */ = {
			isa = XCBuildConfiguration;
			buildSettings = {
				ALWAYS_SEARCH_USER_PATHS = NO;
				CLANG_ANALYZER_NONNULL = YES;
				CLANG_ANALYZER_NUMBER_OBJECT_CONVERSION = YES_AGGRESSIVE;
				CLANG_CXX_LANGUAGE_STANDARD = "gnu++0x";
				CLANG_CXX_LIBRARY = "libc++";
				CLANG_ENABLE_MODULES = YES;
				CLANG_ENABLE_OBJC_ARC = YES;
				CLANG_WARN_BOOL_CONVERSION = YES;
				CLANG_WARN_CONSTANT_CONVERSION = YES;
				CLANG_WARN_DIRECT_OBJC_ISA_USAGE = YES_ERROR;
				CLANG_WARN_DOCUMENTATION_COMMENTS = YES;
				CLANG_WARN_EMPTY_BODY = YES;
				CLANG_WARN_ENUM_CONVERSION = YES;
				CLANG_WARN_INFINITE_RECURSION = YES;
				CLANG_WARN_INT_CONVERSION = YES;
				CLANG_WARN_OBJC_ROOT_CLASS = YES_ERROR;
				CLANG_WARN_SUSPICIOUS_MOVE = YES;
				CLANG_WARN_UNREACHABLE_CODE = YES;
				CLANG_WARN__DUPLICATE_METHOD_MATCH = YES;
				"CODE_SIGN_IDENTITY[sdk=iphoneos*]" = "iPhone Developer";
				COPY_PHASE_STRIP = NO;
				DEBUG_INFORMATION_FORMAT = "dwarf-with-dsym";
				ENABLE_NS_ASSERTIONS = NO;
				ENABLE_STRICT_OBJC_MSGSEND = YES;
				GCC_C_LANGUAGE_STANDARD = gnu99;
				GCC_NO_COMMON_BLOCKS = YES;
				GCC_WARN_64_TO_32_BIT_CONVERSION = YES;
				GCC_WARN_ABOUT_RETURN_TYPE = YES_ERROR;
				GCC_WARN_UNDECLARED_SELECTOR = YES;
				GCC_WARN_UNINITIALIZED_AUTOS = YES_AGGRESSIVE;
				GCC_WARN_UNUSED_FUNCTION = YES;
				GCC_WARN_UNUSED_VARIABLE = YES;
				IPHONEOS_DEPLOYMENT_TARGET = 10.3;
				MTL_ENABLE_DEBUG_INFO = NO;
				SDKROOT = iphoneos;
				SWIFT_OPTIMIZATION_LEVEL = "-Owholemodule";
				VALIDATE_PRODUCT = YES;
			};
			name = Release;
		};
		070BDEA01EFFF8BE0052FA77 /* Debug */ = {
			isa = XCBuildConfiguration;
			baseConfigurationReference = 53A0CBBD52C9F9FC5B20C49A /* Pods-Assist.debug.xcconfig */;
			buildSettings = {
				ASSETCATALOG_COMPILER_APPICON_NAME = AppIcon;
				DEVELOPMENT_TEAM = 2P4R78NA3B;
				INFOPLIST_FILE = Assist/Info.plist;
				IPHONEOS_DEPLOYMENT_TARGET = 10.3;
				LD_RUNPATH_SEARCH_PATHS = "$(inherited) @executable_path/Frameworks";
				PRODUCT_BUNDLE_IDENTIFIER = com.Assist1;
				PRODUCT_NAME = "$(TARGET_NAME)";
				SWIFT_VERSION = 3.0;
			};
			name = Debug;
		};
		070BDEA11EFFF8BE0052FA77 /* Release */ = {
			isa = XCBuildConfiguration;
			baseConfigurationReference = 67301E41C45862286ADE4DD3 /* Pods-Assist.release.xcconfig */;
			buildSettings = {
				ASSETCATALOG_COMPILER_APPICON_NAME = AppIcon;
				DEVELOPMENT_TEAM = 2P4R78NA3B;
				INFOPLIST_FILE = Assist/Info.plist;
				IPHONEOS_DEPLOYMENT_TARGET = 10.3;
				LD_RUNPATH_SEARCH_PATHS = "$(inherited) @executable_path/Frameworks";
				PRODUCT_BUNDLE_IDENTIFIER = com.Assist1;
				PRODUCT_NAME = "$(TARGET_NAME)";
				SWIFT_VERSION = 3.0;
			};
			name = Release;
		};
/* End XCBuildConfiguration section */

/* Begin XCConfigurationList section */
		070BDE881EFFF8BE0052FA77 /* Build configuration list for PBXProject "Assist" */ = {
			isa = XCConfigurationList;
			buildConfigurations = (
				070BDE9D1EFFF8BE0052FA77 /* Debug */,
				070BDE9E1EFFF8BE0052FA77 /* Release */,
			);
			defaultConfigurationIsVisible = 0;
			defaultConfigurationName = Release;
		};
		070BDE9F1EFFF8BE0052FA77 /* Build configuration list for PBXNativeTarget "Assist" */ = {
			isa = XCConfigurationList;
			buildConfigurations = (
				070BDEA01EFFF8BE0052FA77 /* Debug */,
				070BDEA11EFFF8BE0052FA77 /* Release */,
			);
			defaultConfigurationIsVisible = 0;
			defaultConfigurationName = Release;
		};
/* End XCConfigurationList section */
	};
	rootObject = 070BDE851EFFF8BE0052FA77 /* Project object */;
}
